
Microsoft Visual Studio Solution File, Format Version 12.00
# Visual Studio Version 17
VisualStudioVersion = 17.0.32126.317
MinimumVisualStudioVersion = 10.0.40219.1
Project("{9A19103F-16F7-4668-BE54-9A1E7A4F7556}") = "WebApp", "WebApp\WebApp.csproj", "{A9492ED9-153C-4372-8C38-AE9D9C2E7177}"
EndProject
Project("{FAE04EC0-301F-11D3-BF4B-00C04F79EFBC}") = "App.Core", "src\App.Core\App.Core.csproj", "{3D7816B1-6830-4128-98B5-7445DF6DAE6E}"
EndProject
Global
	GlobalSection(SolutionConfigurationPlatforms) = preSolution
		Debug|Any CPU = Debug|Any CPU
		Release|Any CPU = Release|Any CPU
	EndGlobalSection
	GlobalSection(ProjectConfigurationPlatforms) = postSolution
		{A9492ED9-153C-4372-8C38-AE9D9C2E7177}.Debug|Any CPU.ActiveCfg = Debug|Any CPU
		{A9492ED9-153C-4372-8C38-AE9D9C2E7177}.Debug|Any CPU.Build.0 = Debug|Any CPU
		{A9492ED9-153C-4372-8C38-AE9D9C2E7177}.Release|Any CPU.ActiveCfg = Release|Any CPU
		{A9492ED9-153C-4372-8C38-AE9D9C2E7177}.Release|Any CPU.Build.0 = Release|Any CPU
		{3D7816B1-6830-4128-98B5-7445DF6DAE6E}.Debug|Any CPU.ActiveCfg = Debug|Any CPU
		{3D7816B1-6830-4128-98B5-7445DF6DAE6E}.Debug|Any CPU.Build.0 = Debug|Any CPU
		{3D7816B1-6830-4128-98B5-7445DF6DAE6E}.Release|Any CPU.ActiveCfg = Release|Any CPU
		{3D7816B1-6830-4128-98B5-7445DF6DAE6E}.Release|Any CPU.Build.0 = Release|Any CPU
	EndGlobalSection
	GlobalSection(SolutionProperties) = preSolution
		HideSolutionNode = FALSE
	EndGlobalSection
	GlobalSection(ExtensibilityGlobals) = postSolution
		SolutionGuid = {8B783828-132E-411F-A631-447C772AB86B}
	EndGlobalSection
EndGlobal
